// !$*UTF8*$!
{
	archiveVersion = 1;
	classes = {
	};
	objectVersion = 46;
	objects = {

/* Begin PBXBuildFile section */
		4B364FE71B73CAE600ED6209 /* Photos.framework in Frameworks */ = {isa = PBXBuildFile; fileRef = 4B364FE61B73CAE600ED6209 /* Photos.framework */; };
		4B88F4931BB460AE006148E3 /* PHAssetCollection+Util.swift in Sources */ = {isa = PBXBuildFile; fileRef = 4B88F4891BB460AE006148E3 /* PHAssetCollection+Util.swift */; };
		4B88F4941BB460AE006148E3 /* PhotosProvider.swift in Sources */ = {isa = PBXBuildFile; fileRef = 4B88F48A1BB460AE006148E3 /* PhotosProvider.swift */; };
		4B88F4951BB460AE006148E3 /* PhotosProviderAsset.swift in Sources */ = {isa = PBXBuildFile; fileRef = 4B88F48B1BB460AE006148E3 /* PhotosProviderAsset.swift */; };
		4B88F4961BB460AE006148E3 /* PhotosProviderAssetOption.swift in Sources */ = {isa = PBXBuildFile; fileRef = 4B88F48C1BB460AE006148E3 /* PhotosProviderAssetOption.swift */; };
		4B88F4971BB460AE006148E3 /* PhotosProviderAssetResult.swift in Sources */ = {isa = PBXBuildFile; fileRef = 4B88F48D1BB460AE006148E3 /* PhotosProviderAssetResult.swift */; };
		4B88F4981BB460AE006148E3 /* PhotosProviderAssetsGroup.swift in Sources */ = {isa = PBXBuildFile; fileRef = 4B88F48E1BB460AE006148E3 /* PhotosProviderAssetsGroup.swift */; };
		4B88F4991BB460AE006148E3 /* PhotosProviderAssetsGroupByDay.swift in Sources */ = {isa = PBXBuildFile; fileRef = 4B88F48F1BB460AE006148E3 /* PhotosProviderAssetsGroupByDay.swift */; };
		4B88F49A1BB460AE006148E3 /* PhotosProviderCollection.swift in Sources */ = {isa = PBXBuildFile; fileRef = 4B88F4901BB460AE006148E3 /* PhotosProviderCollection.swift */; };
		4B88F49B1BB460AE006148E3 /* PhotosProviderConfiguration.swift in Sources */ = {isa = PBXBuildFile; fileRef = 4B88F4911BB460AE006148E3 /* PhotosProviderConfiguration.swift */; };
		4B88F49C1BB460AE006148E3 /* PhotosProviderMonitor.swift in Sources */ = {isa = PBXBuildFile; fileRef = 4B88F4921BB460AE006148E3 /* PhotosProviderMonitor.swift */; };
		4BD208541B736B430006925F /* PhotosProvider.h in Headers */ = {isa = PBXBuildFile; fileRef = 4BD208531B736B430006925F /* PhotosProvider.h */; settings = {ATTRIBUTES = (Public, ); }; };
		4BD2085B1B736B430006925F /* PhotosProvider.framework in Frameworks */ = {isa = PBXBuildFile; fileRef = 4BD208501B736B430006925F /* PhotosProvider.framework */; };
		4BD208601B736B430006925F /* PhotosProviderTests.swift in Sources */ = {isa = PBXBuildFile; fileRef = 4BD2085F1B736B430006925F /* PhotosProviderTests.swift */; };
		4BD816EE1B748E4E00DA5276 /* AssetsViewController.swift in Sources */ = {isa = PBXBuildFile; fileRef = 4BD816ED1B748E4E00DA5276 /* AssetsViewController.swift */; };
		4BD816F01B748F8800DA5276 /* CollectionCell.swift in Sources */ = {isa = PBXBuildFile; fileRef = 4BD816EF1B748F8800DA5276 /* CollectionCell.swift */; };
		4BD816F21B748FA400DA5276 /* AssetCell.swift in Sources */ = {isa = PBXBuildFile; fileRef = 4BD816F11B748FA400DA5276 /* AssetCell.swift */; };
		4BD816F31B74A12800DA5276 /* PhotosProvider.framework in Frameworks */ = {isa = PBXBuildFile; fileRef = 4BD208501B736B430006925F /* PhotosProvider.framework */; };
		4BD816F41B74A12800DA5276 /* PhotosProvider.framework in Embed Frameworks */ = {isa = PBXBuildFile; fileRef = 4BD208501B736B430006925F /* PhotosProvider.framework */; settings = {ATTRIBUTES = (CodeSignOnCopy, RemoveHeadersOnCopy, ); }; };
		4BF62D4B1B73BFFC0086E10C /* AppDelegate.swift in Sources */ = {isa = PBXBuildFile; fileRef = 4BF62D4A1B73BFFC0086E10C /* AppDelegate.swift */; };
		4BF62D4D1B73BFFC0086E10C /* CollectionsViewController.swift in Sources */ = {isa = PBXBuildFile; fileRef = 4BF62D4C1B73BFFC0086E10C /* CollectionsViewController.swift */; };
		4BF62D501B73BFFC0086E10C /* Main.storyboard in Resources */ = {isa = PBXBuildFile; fileRef = 4BF62D4E1B73BFFC0086E10C /* Main.storyboard */; };
		4BF62D521B73BFFC0086E10C /* Assets.xcassets in Resources */ = {isa = PBXBuildFile; fileRef = 4BF62D511B73BFFC0086E10C /* Assets.xcassets */; };
		4BF62D551B73BFFC0086E10C /* LaunchScreen.storyboard in Resources */ = {isa = PBXBuildFile; fileRef = 4BF62D531B73BFFC0086E10C /* LaunchScreen.storyboard */; };
/* End PBXBuildFile section */

/* Begin PBXContainerItemProxy section */
		4BD2085C1B736B430006925F /* PBXContainerItemProxy */ = {
			isa = PBXContainerItemProxy;
			containerPortal = 4BD208471B736B430006925F /* Project object */;
			proxyType = 1;
			remoteGlobalIDString = 4BD2084F1B736B430006925F;
			remoteInfo = PhotosProvider;
		};
		4BD816F51B74A12800DA5276 /* PBXContainerItemProxy */ = {
			isa = PBXContainerItemProxy;
			containerPortal = 4BD208471B736B430006925F /* Project object */;
			proxyType = 1;
			remoteGlobalIDString = 4BD2084F1B736B430006925F;
			remoteInfo = PhotosProvider;
		};
/* End PBXContainerItemProxy section */

/* Begin PBXCopyFilesBuildPhase section */
		4BD816F71B74A12800DA5276 /* Embed Frameworks */ = {
			isa = PBXCopyFilesBuildPhase;
			buildActionMask = 2147483647;
			dstPath = "";
			dstSubfolderSpec = 10;
			files = (
				4BD816F41B74A12800DA5276 /* PhotosProvider.framework in Embed Frameworks */,
			);
			name = "Embed Frameworks";
			runOnlyForDeploymentPostprocessing = 0;
		};
/* End PBXCopyFilesBuildPhase section */

/* Begin PBXFileReference section */
		4B364FE61B73CAE600ED6209 /* Photos.framework */ = {isa = PBXFileReference; lastKnownFileType = wrapper.framework; name = Photos.framework; path = System/Library/Frameworks/Photos.framework; sourceTree = SDKROOT; };
		4B88F4891BB460AE006148E3 /* PHAssetCollection+Util.swift */ = {isa = PBXFileReference; fileEncoding = 4; lastKnownFileType = sourcecode.swift; path = "PHAssetCollection+Util.swift"; sourceTree = "<group>"; };
		4B88F48A1BB460AE006148E3 /* PhotosProvider.swift */ = {isa = PBXFileReference; fileEncoding = 4; lastKnownFileType = sourcecode.swift; path = PhotosProvider.swift; sourceTree = "<group>"; };
		4B88F48B1BB460AE006148E3 /* PhotosProviderAsset.swift */ = {isa = PBXFileReference; fileEncoding = 4; lastKnownFileType = sourcecode.swift; path = PhotosProviderAsset.swift; sourceTree = "<group>"; };
		4B88F48C1BB460AE006148E3 /* PhotosProviderAssetOption.swift */ = {isa = PBXFileReference; fileEncoding = 4; lastKnownFileType = sourcecode.swift; path = PhotosProviderAssetOption.swift; sourceTree = "<group>"; };
		4B88F48D1BB460AE006148E3 /* PhotosProviderAssetResult.swift */ = {isa = PBXFileReference; fileEncoding = 4; lastKnownFileType = sourcecode.swift; path = PhotosProviderAssetResult.swift; sourceTree = "<group>"; };
		4B88F48E1BB460AE006148E3 /* PhotosProviderAssetsGroup.swift */ = {isa = PBXFileReference; fileEncoding = 4; lastKnownFileType = sourcecode.swift; path = PhotosProviderAssetsGroup.swift; sourceTree = "<group>"; };
		4B88F48F1BB460AE006148E3 /* PhotosProviderAssetsGroupByDay.swift */ = {isa = PBXFileReference; fileEncoding = 4; lastKnownFileType = sourcecode.swift; path = PhotosProviderAssetsGroupByDay.swift; sourceTree = "<group>"; };
		4B88F4901BB460AE006148E3 /* PhotosProviderCollection.swift */ = {isa = PBXFileReference; fileEncoding = 4; lastKnownFileType = sourcecode.swift; path = PhotosProviderCollection.swift; sourceTree = "<group>"; };
		4B88F4911BB460AE006148E3 /* PhotosProviderConfiguration.swift */ = {isa = PBXFileReference; fileEncoding = 4; lastKnownFileType = sourcecode.swift; path = PhotosProviderConfiguration.swift; sourceTree = "<group>"; };
		4B88F4921BB460AE006148E3 /* PhotosProviderMonitor.swift */ = {isa = PBXFileReference; fileEncoding = 4; lastKnownFileType = sourcecode.swift; path = PhotosProviderMonitor.swift; sourceTree = "<group>"; };
		4BD208501B736B430006925F /* PhotosProvider.framework */ = {isa = PBXFileReference; explicitFileType = wrapper.framework; includeInIndex = 0; path = PhotosProvider.framework; sourceTree = BUILT_PRODUCTS_DIR; };
		4BD208531B736B430006925F /* PhotosProvider.h */ = {isa = PBXFileReference; lastKnownFileType = sourcecode.c.h; path = PhotosProvider.h; sourceTree = "<group>"; };
		4BD208551B736B430006925F /* Info.plist */ = {isa = PBXFileReference; lastKnownFileType = text.plist.xml; path = Info.plist; sourceTree = "<group>"; };
		4BD2085A1B736B430006925F /* PhotosProviderTests.xctest */ = {isa = PBXFileReference; explicitFileType = wrapper.cfbundle; includeInIndex = 0; path = PhotosProviderTests.xctest; sourceTree = BUILT_PRODUCTS_DIR; };
		4BD2085F1B736B430006925F /* PhotosProviderTests.swift */ = {isa = PBXFileReference; lastKnownFileType = sourcecode.swift; path = PhotosProviderTests.swift; sourceTree = "<group>"; };
		4BD208611B736B430006925F /* Info.plist */ = {isa = PBXFileReference; lastKnownFileType = text.plist.xml; path = Info.plist; sourceTree = "<group>"; };
		4BD816ED1B748E4E00DA5276 /* AssetsViewController.swift */ = {isa = PBXFileReference; fileEncoding = 4; lastKnownFileType = sourcecode.swift; path = AssetsViewController.swift; sourceTree = "<group>"; };
		4BD816EF1B748F8800DA5276 /* CollectionCell.swift */ = {isa = PBXFileReference; fileEncoding = 4; lastKnownFileType = sourcecode.swift; path = CollectionCell.swift; sourceTree = "<group>"; };
		4BD816F11B748FA400DA5276 /* AssetCell.swift */ = {isa = PBXFileReference; fileEncoding = 4; lastKnownFileType = sourcecode.swift; path = AssetCell.swift; sourceTree = "<group>"; };
		4BF62D481B73BFFC0086E10C /* PhotosProviderDemo.app */ = {isa = PBXFileReference; explicitFileType = wrapper.application; includeInIndex = 0; path = PhotosProviderDemo.app; sourceTree = BUILT_PRODUCTS_DIR; };
		4BF62D4A1B73BFFC0086E10C /* AppDelegate.swift */ = {isa = PBXFileReference; lastKnownFileType = sourcecode.swift; path = AppDelegate.swift; sourceTree = "<group>"; };
		4BF62D4C1B73BFFC0086E10C /* CollectionsViewController.swift */ = {isa = PBXFileReference; lastKnownFileType = sourcecode.swift; path = CollectionsViewController.swift; sourceTree = "<group>"; };
		4BF62D4F1B73BFFC0086E10C /* Base */ = {isa = PBXFileReference; lastKnownFileType = file.storyboard; name = Base; path = Base.lproj/Main.storyboard; sourceTree = "<group>"; };
		4BF62D511B73BFFC0086E10C /* Assets.xcassets */ = {isa = PBXFileReference; lastKnownFileType = folder.assetcatalog; path = Assets.xcassets; sourceTree = "<group>"; };
		4BF62D541B73BFFC0086E10C /* Base */ = {isa = PBXFileReference; lastKnownFileType = file.storyboard; name = Base; path = Base.lproj/LaunchScreen.storyboard; sourceTree = "<group>"; };
		4BF62D561B73BFFC0086E10C /* Info.plist */ = {isa = PBXFileReference; lastKnownFileType = text.plist.xml; path = Info.plist; sourceTree = "<group>"; };
/* End PBXFileReference section */

/* Begin PBXFrameworksBuildPhase section */
		4BD2084C1B736B430006925F /* Frameworks */ = {
			isa = PBXFrameworksBuildPhase;
			buildActionMask = 2147483647;
			files = (
			);
			runOnlyForDeploymentPostprocessing = 0;
		};
		4BD208571B736B430006925F /* Frameworks */ = {
			isa = PBXFrameworksBuildPhase;
			buildActionMask = 2147483647;
			files = (
				4BD2085B1B736B430006925F /* PhotosProvider.framework in Frameworks */,
			);
			runOnlyForDeploymentPostprocessing = 0;
		};
		4BF62D451B73BFFC0086E10C /* Frameworks */ = {
			isa = PBXFrameworksBuildPhase;
			buildActionMask = 2147483647;
			files = (
				4BD816F31B74A12800DA5276 /* PhotosProvider.framework in Frameworks */,
				4B364FE71B73CAE600ED6209 /* Photos.framework in Frameworks */,
			);
			runOnlyForDeploymentPostprocessing = 0;
		};
/* End PBXFrameworksBuildPhase section */

/* Begin PBXGroup section */
		4B88F4881BB460AE006148E3 /* Classes */ = {
			isa = PBXGroup;
			children = (
				4B88F4891BB460AE006148E3 /* PHAssetCollection+Util.swift */,
				4B88F48A1BB460AE006148E3 /* PhotosProvider.swift */,
				4B88F48B1BB460AE006148E3 /* PhotosProviderAsset.swift */,
				4B88F48C1BB460AE006148E3 /* PhotosProviderAssetOption.swift */,
				4B88F48D1BB460AE006148E3 /* PhotosProviderAssetResult.swift */,
				4B88F48E1BB460AE006148E3 /* PhotosProviderAssetsGroup.swift */,
				4B88F48F1BB460AE006148E3 /* PhotosProviderAssetsGroupByDay.swift */,
				4B88F4901BB460AE006148E3 /* PhotosProviderCollection.swift */,
				4B88F4911BB460AE006148E3 /* PhotosProviderConfiguration.swift */,
				4B88F4921BB460AE006148E3 /* PhotosProviderMonitor.swift */,
			);
			path = Classes;
			sourceTree = "<group>";
		};
		4BD208461B736B430006925F = {
			isa = PBXGroup;
			children = (
				4B364FE61B73CAE600ED6209 /* Photos.framework */,
				4BD208521B736B430006925F /* PhotosProvider */,
				4BD2085E1B736B430006925F /* PhotosProviderTests */,
				4BF62D491B73BFFC0086E10C /* PhotosProviderDemo */,
				4BD208511B736B430006925F /* Products */,
			);
			sourceTree = "<group>";
		};
		4BD208511B736B430006925F /* Products */ = {
			isa = PBXGroup;
			children = (
				4BD208501B736B430006925F /* PhotosProvider.framework */,
				4BD2085A1B736B430006925F /* PhotosProviderTests.xctest */,
				4BF62D481B73BFFC0086E10C /* PhotosProviderDemo.app */,
			);
			name = Products;
			sourceTree = "<group>";
		};
		4BD208521B736B430006925F /* PhotosProvider */ = {
			isa = PBXGroup;
			children = (
				4B88F4881BB460AE006148E3 /* Classes */,
				4BD208531B736B430006925F /* PhotosProvider.h */,
				4BD208551B736B430006925F /* Info.plist */,
			);
			path = PhotosProvider;
			sourceTree = "<group>";
		};
		4BD2085E1B736B430006925F /* PhotosProviderTests */ = {
			isa = PBXGroup;
			children = (
				4BD2085F1B736B430006925F /* PhotosProviderTests.swift */,
				4BD208611B736B430006925F /* Info.plist */,
			);
			path = PhotosProviderTests;
			sourceTree = "<group>";
		};
		4BF62D491B73BFFC0086E10C /* PhotosProviderDemo */ = {
			isa = PBXGroup;
			children = (
				4BF62D4A1B73BFFC0086E10C /* AppDelegate.swift */,
				4BF62D4C1B73BFFC0086E10C /* CollectionsViewController.swift */,
				4BD816EF1B748F8800DA5276 /* CollectionCell.swift */,
				4BD816ED1B748E4E00DA5276 /* AssetsViewController.swift */,
				4BD816F11B748FA400DA5276 /* AssetCell.swift */,
				4BF62D4E1B73BFFC0086E10C /* Main.storyboard */,
				4BF62D511B73BFFC0086E10C /* Assets.xcassets */,
				4BF62D531B73BFFC0086E10C /* LaunchScreen.storyboard */,
				4BF62D561B73BFFC0086E10C /* Info.plist */,
			);
			path = PhotosProviderDemo;
			sourceTree = "<group>";
		};
/* End PBXGroup section */

/* Begin PBXHeadersBuildPhase section */
		4BD2084D1B736B430006925F /* Headers */ = {
			isa = PBXHeadersBuildPhase;
			buildActionMask = 2147483647;
			files = (
				4BD208541B736B430006925F /* PhotosProvider.h in Headers */,
			);
			runOnlyForDeploymentPostprocessing = 0;
		};
/* End PBXHeadersBuildPhase section */

/* Begin PBXNativeTarget section */
		4BD2084F1B736B430006925F /* PhotosProvider */ = {
			isa = PBXNativeTarget;
			buildConfigurationList = 4BD208641B736B430006925F /* Build configuration list for PBXNativeTarget "PhotosProvider" */;
			buildPhases = (
				4BD2084B1B736B430006925F /* Sources */,
				4BD2084C1B736B430006925F /* Frameworks */,
				4BD2084D1B736B430006925F /* Headers */,
				4BD2084E1B736B430006925F /* Resources */,
			);
			buildRules = (
			);
			dependencies = (
			);
			name = PhotosProvider;
			productName = PhotosProvider;
			productReference = 4BD208501B736B430006925F /* PhotosProvider.framework */;
			productType = "com.apple.product-type.framework";
		};
		4BD208591B736B430006925F /* PhotosProviderTests */ = {
			isa = PBXNativeTarget;
			buildConfigurationList = 4BD208671B736B430006925F /* Build configuration list for PBXNativeTarget "PhotosProviderTests" */;
			buildPhases = (
				4BD208561B736B430006925F /* Sources */,
				4BD208571B736B430006925F /* Frameworks */,
				4BD208581B736B430006925F /* Resources */,
			);
			buildRules = (
			);
			dependencies = (
				4BD2085D1B736B430006925F /* PBXTargetDependency */,
			);
			name = PhotosProviderTests;
			productName = PhotosProviderTests;
			productReference = 4BD2085A1B736B430006925F /* PhotosProviderTests.xctest */;
			productType = "com.apple.product-type.bundle.unit-test";
		};
		4BF62D471B73BFFC0086E10C /* PhotosProviderDemo */ = {
			isa = PBXNativeTarget;
			buildConfigurationList = 4BF62D591B73BFFC0086E10C /* Build configuration list for PBXNativeTarget "PhotosProviderDemo" */;
			buildPhases = (
				4BF62D441B73BFFC0086E10C /* Sources */,
				4BF62D451B73BFFC0086E10C /* Frameworks */,
				4BF62D461B73BFFC0086E10C /* Resources */,
				4BD816F71B74A12800DA5276 /* Embed Frameworks */,
			);
			buildRules = (
			);
			dependencies = (
				4BD816F61B74A12800DA5276 /* PBXTargetDependency */,
			);
			name = PhotosProviderDemo;
			productName = PhotosProviderDemo;
			productReference = 4BF62D481B73BFFC0086E10C /* PhotosProviderDemo.app */;
			productType = "com.apple.product-type.application";
		};
/* End PBXNativeTarget section */

/* Begin PBXProject section */
		4BD208471B736B430006925F /* Project object */ = {
			isa = PBXProject;
			attributes = {
				LastSwiftUpdateCheck = 0700;
				LastUpgradeCheck = 0700;
				ORGANIZATIONNAME = muukii;
				TargetAttributes = {
					4BD2084F1B736B430006925F = {
						CreatedOnToolsVersion = 7.0;
						LastSwiftMigration = 0800;
					};
					4BD208591B736B430006925F = {
						CreatedOnToolsVersion = 7.0;
						LastSwiftMigration = 0800;
					};
					4BF62D471B73BFFC0086E10C = {
						CreatedOnToolsVersion = 7.0;
					};
				};
			};
			buildConfigurationList = 4BD2084A1B736B430006925F /* Build configuration list for PBXProject "PhotosProvider" */;
			compatibilityVersion = "Xcode 3.2";
			developmentRegion = English;
			hasScannedForEncodings = 0;
			knownRegions = (
				en,
				Base,
			);
			mainGroup = 4BD208461B736B430006925F;
			productRefGroup = 4BD208511B736B430006925F /* Products */;
			projectDirPath = "";
			projectRoot = "";
			targets = (
				4BD2084F1B736B430006925F /* PhotosProvider */,
				4BD208591B736B430006925F /* PhotosProviderTests */,
				4BF62D471B73BFFC0086E10C /* PhotosProviderDemo */,
			);
		};
/* End PBXProject section */

/* Begin PBXResourcesBuildPhase section */
		4BD2084E1B736B430006925F /* Resources */ = {
			isa = PBXResourcesBuildPhase;
			buildActionMask = 2147483647;
			files = (
			);
			runOnlyForDeploymentPostprocessing = 0;
		};
		4BD208581B736B430006925F /* Resources */ = {
			isa = PBXResourcesBuildPhase;
			buildActionMask = 2147483647;
			files = (
			);
			runOnlyForDeploymentPostprocessing = 0;
		};
		4BF62D461B73BFFC0086E10C /* Resources */ = {
			isa = PBXResourcesBuildPhase;
			buildActionMask = 2147483647;
			files = (
				4BF62D551B73BFFC0086E10C /* LaunchScreen.storyboard in Resources */,
				4BF62D521B73BFFC0086E10C /* Assets.xcassets in Resources */,
				4BF62D501B73BFFC0086E10C /* Main.storyboard in Resources */,
			);
			runOnlyForDeploymentPostprocessing = 0;
		};
/* End PBXResourcesBuildPhase section */

/* Begin PBXSourcesBuildPhase section */
		4BD2084B1B736B430006925F /* Sources */ = {
			isa = PBXSourcesBuildPhase;
			buildActionMask = 2147483647;
			files = (
				4B88F4931BB460AE006148E3 /* PHAssetCollection+Util.swift in Sources */,
				4B88F4981BB460AE006148E3 /* PhotosProviderAssetsGroup.swift in Sources */,
				4B88F49A1BB460AE006148E3 /* PhotosProviderCollection.swift in Sources */,
				4B88F4971BB460AE006148E3 /* PhotosProviderAssetResult.swift in Sources */,
				4B88F4951BB460AE006148E3 /* PhotosProviderAsset.swift in Sources */,
				4B88F4991BB460AE006148E3 /* PhotosProviderAssetsGroupByDay.swift in Sources */,
				4B88F49C1BB460AE006148E3 /* PhotosProviderMonitor.swift in Sources */,
				4B88F4941BB460AE006148E3 /* PhotosProvider.swift in Sources */,
				4B88F49B1BB460AE006148E3 /* PhotosProviderConfiguration.swift in Sources */,
				4B88F4961BB460AE006148E3 /* PhotosProviderAssetOption.swift in Sources */,
			);
			runOnlyForDeploymentPostprocessing = 0;
		};
		4BD208561B736B430006925F /* Sources */ = {
			isa = PBXSourcesBuildPhase;
			buildActionMask = 2147483647;
			files = (
				4BD208601B736B430006925F /* PhotosProviderTests.swift in Sources */,
			);
			runOnlyForDeploymentPostprocessing = 0;
		};
		4BF62D441B73BFFC0086E10C /* Sources */ = {
			isa = PBXSourcesBuildPhase;
			buildActionMask = 2147483647;
			files = (
				4BF62D4D1B73BFFC0086E10C /* CollectionsViewController.swift in Sources */,
				4BF62D4B1B73BFFC0086E10C /* AppDelegate.swift in Sources */,
				4BD816F21B748FA400DA5276 /* AssetCell.swift in Sources */,
				4BD816EE1B748E4E00DA5276 /* AssetsViewController.swift in Sources */,
				4BD816F01B748F8800DA5276 /* CollectionCell.swift in Sources */,
			);
			runOnlyForDeploymentPostprocessing = 0;
		};
/* End PBXSourcesBuildPhase section */

/* Begin PBXTargetDependency section */
		4BD2085D1B736B430006925F /* PBXTargetDependency */ = {
			isa = PBXTargetDependency;
			target = 4BD2084F1B736B430006925F /* PhotosProvider */;
			targetProxy = 4BD2085C1B736B430006925F /* PBXContainerItemProxy */;
		};
		4BD816F61B74A12800DA5276 /* PBXTargetDependency */ = {
			isa = PBXTargetDependency;
			target = 4BD2084F1B736B430006925F /* PhotosProvider */;
			targetProxy = 4BD816F51B74A12800DA5276 /* PBXContainerItemProxy */;
		};
/* End PBXTargetDependency section */

/* Begin PBXVariantGroup section */
		4BF62D4E1B73BFFC0086E10C /* Main.storyboard */ = {
			isa = PBXVariantGroup;
			children = (
				4BF62D4F1B73BFFC0086E10C /* Base */,
			);
			name = Main.storyboard;
			sourceTree = "<group>";
		};
		4BF62D531B73BFFC0086E10C /* LaunchScreen.storyboard */ = {
			isa = PBXVariantGroup;
			children = (
				4BF62D541B73BFFC0086E10C /* Base */,
			);
			name = LaunchScreen.storyboard;
			sourceTree = "<group>";
		};
/* End PBXVariantGroup section */

/* Begin XCBuildConfiguration section */
		4BD208621B736B430006925F /* Debug */ = {
			isa = XCBuildConfiguration;
			buildSettings = {
				ALWAYS_SEARCH_USER_PATHS = NO;
				CLANG_CXX_LANGUAGE_STANDARD = "gnu++0x";
				CLANG_CXX_LIBRARY = "libc++";
				CLANG_ENABLE_MODULES = YES;
				CLANG_ENABLE_OBJC_ARC = YES;
				CLANG_WARN_BOOL_CONVERSION = YES;
				CLANG_WARN_CONSTANT_CONVERSION = YES;
				CLANG_WARN_DIRECT_OBJC_ISA_USAGE = YES_ERROR;
				CLANG_WARN_EMPTY_BODY = YES;
				CLANG_WARN_ENUM_CONVERSION = YES;
				CLANG_WARN_INT_CONVERSION = YES;
				CLANG_WARN_OBJC_ROOT_CLASS = YES_ERROR;
				CLANG_WARN_UNREACHABLE_CODE = YES;
				CLANG_WARN__DUPLICATE_METHOD_MATCH = YES;
				"CODE_SIGN_IDENTITY[sdk=iphoneos*]" = "iPhone Developer";
				COPY_PHASE_STRIP = NO;
				CURRENT_PROJECT_VERSION = 1;
				DEBUG_INFORMATION_FORMAT = dwarf;
				ENABLE_STRICT_OBJC_MSGSEND = YES;
				ENABLE_TESTABILITY = YES;
				GCC_C_LANGUAGE_STANDARD = gnu99;
				GCC_DYNAMIC_NO_PIC = NO;
				GCC_NO_COMMON_BLOCKS = YES;
				GCC_OPTIMIZATION_LEVEL = 0;
				GCC_PREPROCESSOR_DEFINITIONS = (
					"DEBUG=1",
					"$(inherited)",
				);
				GCC_WARN_64_TO_32_BIT_CONVERSION = YES;
				GCC_WARN_ABOUT_RETURN_TYPE = YES_ERROR;
				GCC_WARN_UNDECLARED_SELECTOR = YES;
				GCC_WARN_UNINITIALIZED_AUTOS = YES_AGGRESSIVE;
				GCC_WARN_UNUSED_FUNCTION = YES;
				GCC_WARN_UNUSED_VARIABLE = YES;
				IPHONEOS_DEPLOYMENT_TARGET = 8.0;
				MTL_ENABLE_DEBUG_INFO = YES;
				ONLY_ACTIVE_ARCH = YES;
				SDKROOT = iphoneos;
				SWIFT_OPTIMIZATION_LEVEL = "-Onone";
				TARGETED_DEVICE_FAMILY = "1,2";
				VERSIONING_SYSTEM = "apple-generic";
				VERSION_INFO_PREFIX = "";
			};
			name = Debug;
		};
		4BD208631B736B430006925F /* Release */ = {
			isa = XCBuildConfiguration;
			buildSettings = {
				ALWAYS_SEARCH_USER_PATHS = NO;
				CLANG_CXX_LANGUAGE_STANDARD = "gnu++0x";
				CLANG_CXX_LIBRARY = "libc++";
				CLANG_ENABLE_MODULES = YES;
				CLANG_ENABLE_OBJC_ARC = YES;
				CLANG_WARN_BOOL_CONVERSION = YES;
				CLANG_WARN_CONSTANT_CONVERSION = YES;
				CLANG_WARN_DIRECT_OBJC_ISA_USAGE = YES_ERROR;
				CLANG_WARN_EMPTY_BODY = YES;
				CLANG_WARN_ENUM_CONVERSION = YES;
				CLANG_WARN_INT_CONVERSION = YES;
				CLANG_WARN_OBJC_ROOT_CLASS = YES_ERROR;
				CLANG_WARN_UNREACHABLE_CODE = YES;
				CLANG_WARN__DUPLICATE_METHOD_MATCH = YES;
				"CODE_SIGN_IDENTITY[sdk=iphoneos*]" = "iPhone Developer";
				COPY_PHASE_STRIP = NO;
				CURRENT_PROJECT_VERSION = 1;
				DEBUG_INFORMATION_FORMAT = "dwarf-with-dsym";
				ENABLE_NS_ASSERTIONS = NO;
				ENABLE_STRICT_OBJC_MSGSEND = YES;
				GCC_C_LANGUAGE_STANDARD = gnu99;
				GCC_NO_COMMON_BLOCKS = YES;
				GCC_WARN_64_TO_32_BIT_CONVERSION = YES;
				GCC_WARN_ABOUT_RETURN_TYPE = YES_ERROR;
				GCC_WARN_UNDECLARED_SELECTOR = YES;
				GCC_WARN_UNINITIALIZED_AUTOS = YES_AGGRESSIVE;
				GCC_WARN_UNUSED_FUNCTION = YES;
				GCC_WARN_UNUSED_VARIABLE = YES;
				IPHONEOS_DEPLOYMENT_TARGET = 8.0;
				MTL_ENABLE_DEBUG_INFO = NO;
				SDKROOT = iphoneos;
				TARGETED_DEVICE_FAMILY = "1,2";
				VALIDATE_PRODUCT = YES;
				VERSIONING_SYSTEM = "apple-generic";
				VERSION_INFO_PREFIX = "";
			};
			name = Release;
		};
		4BD208651B736B430006925F /* Debug */ = {
			isa = XCBuildConfiguration;
			buildSettings = {
				CLANG_ENABLE_MODULES = YES;
				DEFINES_MODULE = YES;
				DYLIB_COMPATIBILITY_VERSION = 1;
				DYLIB_CURRENT_VERSION = 1;
				DYLIB_INSTALL_NAME_BASE = "@rpath";
				INFOPLIST_FILE = PhotosProvider/Info.plist;
				INSTALL_PATH = "$(LOCAL_LIBRARY_DIR)/Frameworks";
				IPHONEOS_DEPLOYMENT_TARGET = 8.0;
				LD_RUNPATH_SEARCH_PATHS = "$(inherited) @executable_path/Frameworks @loader_path/Frameworks";
				OTHER_SWIFT_FLAGS = "-D IMPORT_MODULES";
				PRODUCT_BUNDLE_IDENTIFIER = me.muukii.PhotosProvider;
				PRODUCT_NAME = "$(TARGET_NAME)";
				SKIP_INSTALL = NO;
				SWIFT_OPTIMIZATION_LEVEL = "-Onone";
				SWIFT_VERSION = 3.0;
			};
			name = Debug;
		};
		4BD208661B736B430006925F /* Release */ = {
			isa = XCBuildConfiguration;
			buildSettings = {
				CLANG_ENABLE_MODULES = YES;
				DEFINES_MODULE = YES;
				DYLIB_COMPATIBILITY_VERSION = 1;
				DYLIB_CURRENT_VERSION = 1;
				DYLIB_INSTALL_NAME_BASE = "@rpath";
				INFOPLIST_FILE = PhotosProvider/Info.plist;
				INSTALL_PATH = "$(LOCAL_LIBRARY_DIR)/Frameworks";
				IPHONEOS_DEPLOYMENT_TARGET = 8.0;
				LD_RUNPATH_SEARCH_PATHS = "$(inherited) @executable_path/Frameworks @loader_path/Frameworks";
				OTHER_SWIFT_FLAGS = "-D IMPORT_MODULES";
				PRODUCT_BUNDLE_IDENTIFIER = me.muukii.PhotosProvider;
				PRODUCT_NAME = "$(TARGET_NAME)";
				SKIP_INSTALL = NO;
				SWIFT_VERSION = 3.0;
			};
			name = Release;
		};
		4BD208681B736B430006925F /* Debug */ = {
			isa = XCBuildConfiguration;
			buildSettings = {
				INFOPLIST_FILE = PhotosProviderTests/Info.plist;
				LD_RUNPATH_SEARCH_PATHS = "$(inherited) @executable_path/Frameworks @loader_path/Frameworks";
				PRODUCT_BUNDLE_IDENTIFIER = me.muukii.PhotosProviderTests;
				PRODUCT_NAME = "$(TARGET_NAME)";
				SWIFT_VERSION = 3.0;
			};
			name = Debug;
		};
		4BD208691B736B430006925F /* Release */ = {
			isa = XCBuildConfiguration;
			buildSettings = {
				INFOPLIST_FILE = PhotosProviderTests/Info.plist;
				LD_RUNPATH_SEARCH_PATHS = "$(inherited) @executable_path/Frameworks @loader_path/Frameworks";
				PRODUCT_BUNDLE_IDENTIFIER = me.muukii.PhotosProviderTests;
				PRODUCT_NAME = "$(TARGET_NAME)";
				SWIFT_VERSION = 3.0;
			};
			name = Release;
		};
		4BF62D571B73BFFC0086E10C /* Debug */ = {
			isa = XCBuildConfiguration;
			buildSettings = {
				ASSETCATALOG_COMPILER_APPICON_NAME = AppIcon;
				EMBEDDED_CONTENT_CONTAINS_SWIFT = YES;
				INFOPLIST_FILE = PhotosProviderDemo/Info.plist;
				IPHONEOS_DEPLOYMENT_TARGET = 8.0;
				LD_RUNPATH_SEARCH_PATHS = "$(inherited) @executable_path/Frameworks";
				PRODUCT_BUNDLE_IDENTIFIER = me.muukii.PhotosProviderDemo;
				PRODUCT_NAME = "$(TARGET_NAME)";
			};
			name = Debug;
		};
		4BF62D581B73BFFC0086E10C /* Release */ = {
			isa = XCBuildConfiguration;
			buildSettings = {
				ASSETCATALOG_COMPILER_APPICON_NAME = AppIcon;
				EMBEDDED_CONTENT_CONTAINS_SWIFT = YES;
				INFOPLIST_FILE = PhotosProviderDemo/Info.plist;
				IPHONEOS_DEPLOYMENT_TARGET = 8.0;
				LD_RUNPATH_SEARCH_PATHS = "$(inherited) @executable_path/Frameworks";
				PRODUCT_BUNDLE_IDENTIFIER = me.muukii.PhotosProviderDemo;
				PRODUCT_NAME = "$(TARGET_NAME)";
			};
			name = Release;
		};
/* End XCBuildConfiguration section */

/* Begin XCConfigurationList section */
		4BD2084A1B736B430006925F /* Build configuration list for PBXProject "PhotosProvider" */ = {
			isa = XCConfigurationList;
			buildConfigurations = (
				4BD208621B736B430006925F /* Debug */,
				4BD208631B736B430006925F /* Release */,
			);
			defaultConfigurationIsVisible = 0;
			defaultConfigurationName = Release;
		};
		4BD208641B736B430006925F /* Build configuration list for PBXNativeTarget "PhotosProvider" */ = {
			isa = XCConfigurationList;
			buildConfigurations = (
				4BD208651B736B430006925F /* Debug */,
				4BD208661B736B430006925F /* Release */,
			);
			defaultConfigurationIsVisible = 0;
			defaultConfigurationName = Release;
		};
		4BD208671B736B430006925F /* Build configuration list for PBXNativeTarget "PhotosProviderTests" */ = {
			isa = XCConfigurationList;
			buildConfigurations = (
				4BD208681B736B430006925F /* Debug */,
				4BD208691B736B430006925F /* Release */,
			);
			defaultConfigurationIsVisible = 0;
			defaultConfigurationName = Release;
		};
		4BF62D591B73BFFC0086E10C /* Build configuration list for PBXNativeTarget "PhotosProviderDemo" */ = {
			isa = XCConfigurationList;
			buildConfigurations = (
				4BF62D571B73BFFC0086E10C /* Debug */,
				4BF62D581B73BFFC0086E10C /* Release */,
			);
			defaultConfigurationIsVisible = 0;
			defaultConfigurationName = Release;
		};
/* End XCConfigurationList section */
	};
	rootObject = 4BD208471B736B430006925F /* Project object */;
}
